{
  "version": 4,
  "terraform_version": "1.9.8",
  "serial": 14,
  "lineage": "7ab0d6c6-420a-ade5-6964-06f005fc7368",
  "outputs": {},
  "resources": [
    {
      "mode": "managed",
      "type": "aws_eks_cluster",
      "name": "eks",
      "provider": "provider[\"registry.terraform.io/hashicorp/aws\"]",
      "instances": [
        {
          "schema_version": 1,
          "attributes": {
            "access_config": [
              {
                "authentication_mode": "CONFIG_MAP",
                "bootstrap_cluster_creator_admin_permissions": true
              }
            ],
            "arn": "arn:aws:eks:us-east-1:095214138254:cluster/techverito-eks-cluster",
            "bootstrap_self_managed_addons": true,
            "certificate_authority": [
              {
                "data": "LS0tLS1CRUdJTiBDRVJUSUZJQ0FURS0tLS0tCk1JSURCVENDQWUyZ0F3SUJBZ0lJYUppbkcyVTA5cEl3RFFZSktvWklodmNOQVFFTEJRQXdGVEVUTUJFR0ExVUUKQXhNS2EzVmlaWEp1WlhSbGN6QWVGdzB5TkRFeE1Ea3hNVFExTWpsYUZ3MHpOREV4TURjeE1UVXdNamxhTUJVeApFekFSQmdOVkJBTVRDbXQxWW1WeWJtVjBaWE13Z2dFaU1BMEdDU3FHU0liM0RRRUJBUVVBQTRJQkR3QXdnZ0VLCkFvSUJBUURHRWNab1lLU2JGbjRMMjBqV3RWZFE4eTJPT1BHYTJhNnJTeEJpQmx3SGJYSXk5T042Q1FNL3Z4OTMKb2VJd3FSaWlKMWs3U3VYRkNQUUVkNmdPOTdCWkJaVGlwcVlzdWxzZFI0bFNEZWRwTlVGOHFoNTNvL3AxWE8wZwpzRFhobVlXOHJ5UEN3L0R0Y2RUdHlFV1kzbHNsc0FzZHppTmNMc0hFZVFCcmRidXhhUmg1VHcxd0FCWnc4Yks4CkdFaG5JSEloNUZtMWJmeFl4Zm5GOFQ5NGk4VDhFblRUWTU2VHNHYUl0SE5Hd0MzUVQ5N2F4TW15WUtyVzEzSGgKYkhMYWdSZXVkNVFORkNqbXc1V1Q2bkwraW40aXlsZGZOOVJLV0VtNGVRNkprbXgrYThrRmNUeFF1bzgxMnloNQpSemN6c3drOGNXTStsMlVzUW80RktVc2lSOXovQWdNQkFBR2pXVEJYTUE0R0ExVWREd0VCL3dRRUF3SUNwREFQCkJnTlZIUk1CQWY4RUJUQURBUUgvTUIwR0ExVWREZ1FXQkJRaUhsNGkvbDUxYUVNZWEyYjB1NDZTL25xb2dUQVYKQmdOVkhSRUVEakFNZ2dwcmRXSmxjbTVsZEdWek1BMEdDU3FHU0liM0RRRUJDd1VBQTRJQkFRQ0JlbkY4YWRrdwpUK2EzcFNzVlV2NWJNTjZJbnpzeHZHOENtbHFocFU1TDFObWVvOWdwK3BXcXM3NTBjVnVnVFQrL2JJZEhUUEZNCitXWVpCb29VWmlNYnl1c1B5VUlUOGVNVURqNzdOc05YR092emJ2Z1BURDhxTFJodmJNNnJrNFltRHY3SnJwTjEKQnhvNlk0N3B5elZBY0g1WVdYOElTcXB5MXZqWFRvQnk0L3VoL2VQT1AwSndsemF6MVdHUTBFelNlVHo3VGNtSQowV0tWQjZQOUxmS0d3dXllUk5wMWFuRldyNzZlTmdCcXd2amRuY01WWURTU3JiS1hDQUlxKzRkajhTelBGYzhwCnRxcFFFR1I3bHVyQkJoUGJzNU1BcURXMHJ5WS92alluUkdQVE5wV3UzcEh1MHNlMHkvRi9mMzQ1Y0NFSzFaalYKeGI5WjQyZDhzTlNuCi0tLS0tRU5EIENFUlRJRklDQVRFLS0tLS0K"
              }
            ],
            "cluster_id": null,
            "created_at": "2024-11-09T11:45:18Z",
            "enabled_cluster_log_types": [],
            "encryption_config": [],
            "endpoint": "https://DB35DFDC8A7D6B1FC36D4A35F696495A.yl4.us-east-1.eks.amazonaws.com",
            "id": "techverito-eks-cluster",
            "identity": [
              {
                "oidc": [
                  {
                    "issuer": "https://oidc.eks.us-east-1.amazonaws.com/id/DB35DFDC8A7D6B1FC36D4A35F696495A"
                  }
                ]
              }
            ],
            "kubernetes_network_config": [
              {
                "ip_family": "ipv4",
                "service_ipv4_cidr": "10.100.0.0/16",
                "service_ipv6_cidr": ""
              }
            ],
            "name": "techverito-eks-cluster",
            "outpost_config": [],
            "platform_version": "eks.10",
            "role_arn": "arn:aws:iam::095214138254:role/techverito-eks-cluster-eks-cluster-role",
            "status": "ACTIVE",
            "tags": {},
            "tags_all": {},
            "timeouts": null,
            "upgrade_policy": [
              {
                "support_type": "EXTENDED"
              }
            ],
            "version": "1.31",
            "vpc_config": [
              {
                "cluster_security_group_id": "sg-091116700f923e1df",
                "endpoint_private_access": false,
                "endpoint_public_access": true,
                "public_access_cidrs": [
                  "0.0.0.0/0"
                ],
                "security_group_ids": [],
                "subnet_ids": [
                  "subnet-002d1d61977203d21",
                  "subnet-050e566167a7f7dac",
                  "subnet-098d54e9382202f07"
                ],
                "vpc_id": "vpc-081f30b671b5a8b76"
              }
            ],
            "zonal_shift_config": []
          },
          "sensitive_attributes": [],
          "private": "eyJlMmJmYjczMC1lY2FhLTExZTYtOGY4OC0zNDM2M2JjN2M0YzAiOnsiY3JlYXRlIjoxODAwMDAwMDAwMDAwLCJkZWxldGUiOjkwMDAwMDAwMDAwMCwidXBkYXRlIjozNjAwMDAwMDAwMDAwfSwic2NoZW1hX3ZlcnNpb24iOiIxIn0=",
          "dependencies": [
            "aws_iam_role.eks_cluster_role"
          ]
        }
      ]
    },
    {
      "mode": "managed",
      "type": "aws_eks_node_group",
      "name": "node_group",
      "provider": "provider[\"registry.terraform.io/hashicorp/aws\"]",
      "instances": [
        {
          "status": "tainted",
          "schema_version": 0,
          "attributes": {
            "ami_type": null,
            "arn": null,
            "capacity_type": null,
            "cluster_name": "techverito-eks-cluster",
            "disk_size": null,
            "force_update_version": null,
            "id": "techverito-eks-cluster:techverito-eks-cluster-node-group",
            "instance_types": [
              "t3.medium"
            ],
            "labels": null,
            "launch_template": [],
            "node_group_name": "techverito-eks-cluster-node-group",
            "node_group_name_prefix": null,
            "node_role_arn": "arn:aws:iam::095214138254:role/techverito-eks-cluster-eks-node-role",
            "release_version": null,
            "remote_access": [],
            "resources": null,
            "scaling_config": [
              {
                "desired_size": 2,
                "max_size": 3,
                "min_size": 1
              }
            ],
            "status": null,
            "subnet_ids": [
              "subnet-002d1d61977203d21",
              "subnet-050e566167a7f7dac",
              "subnet-098d54e9382202f07"
            ],
            "tags": null,
            "tags_all": null,
            "taint": [],
            "timeouts": null,
            "update_config": null,
            "version": null
          },
          "sensitive_attributes": [],
          "private": "eyJlMmJmYjczMC1lY2FhLTExZTYtOGY4OC0zNDM2M2JjN2M0YzAiOnsiY3JlYXRlIjozNjAwMDAwMDAwMDAwLCJkZWxldGUiOjM2MDAwMDAwMDAwMDAsInVwZGF0ZSI6MzYwMDAwMDAwMDAwMH19",
          "dependencies": [
            "aws_eks_cluster.eks",
            "aws_iam_role.eks_cluster_role",
            "aws_iam_role.eks_node_role"
          ]
        }
      ]
    },
    {
      "mode": "managed",
      "type": "aws_iam_role",
      "name": "eks_cluster_role",
      "provider": "provider[\"registry.terraform.io/hashicorp/aws\"]",
      "instances": [
        {
          "schema_version": 0,
          "attributes": {
            "arn": "arn:aws:iam::095214138254:role/techverito-eks-cluster-eks-cluster-role",
            "assume_role_policy": "{\"Statement\":[{\"Action\":\"sts:AssumeRole\",\"Effect\":\"Allow\",\"Principal\":{\"Service\":\"eks.amazonaws.com\"}}],\"Version\":\"2012-10-17\"}",
            "create_date": "2024-11-09T11:37:16Z",
            "description": "",
            "force_detach_policies": false,
            "id": "techverito-eks-cluster-eks-cluster-role",
            "inline_policy": [],
            "managed_policy_arns": [
              "arn:aws:iam::aws:policy/AmazonEKSClusterPolicy"
            ],
            "max_session_duration": 3600,
            "name": "techverito-eks-cluster-eks-cluster-role",
            "name_prefix": "",
            "path": "/",
            "permissions_boundary": "",
            "tags": {},
            "tags_all": {},
            "unique_id": "AROARMKZUOOHII7N4CWBZ"
          },
          "sensitive_attributes": [],
          "private": "bnVsbA=="
        }
      ]
    },
    {
      "mode": "managed",
      "type": "aws_iam_role",
      "name": "eks_node_role",
      "provider": "provider[\"registry.terraform.io/hashicorp/aws\"]",
      "instances": [
        {
          "schema_version": 0,
          "attributes": {
            "arn": "arn:aws:iam::095214138254:role/techverito-eks-cluster-eks-node-role",
            "assume_role_policy": "{\"Statement\":[{\"Action\":\"sts:AssumeRole\",\"Effect\":\"Allow\",\"Principal\":{\"Service\":\"ec2.amazonaws.com\"}}],\"Version\":\"2012-10-17\"}",
            "create_date": "2024-11-09T11:37:16Z",
            "description": "",
            "force_detach_policies": false,
            "id": "techverito-eks-cluster-eks-node-role",
            "inline_policy": [],
            "managed_policy_arns": [
              "arn:aws:iam::aws:policy/AmazonEKSWorkerNodePolicy"
            ],
            "max_session_duration": 3600,
            "name": "techverito-eks-cluster-eks-node-role",
            "name_prefix": "",
            "path": "/",
            "permissions_boundary": "",
            "tags": {},
            "tags_all": {},
            "unique_id": "AROARMKZUOOHDFRZXFUYB"
          },
          "sensitive_attributes": [],
          "private": "bnVsbA=="
        }
      ]
    },
    {
      "mode": "managed",
      "type": "aws_iam_role_policy_attachment",
      "name": "eks_cluster_policy",
      "provider": "provider[\"registry.terraform.io/hashicorp/aws\"]",
      "instances": [
        {
          "schema_version": 0,
          "attributes": {
            "id": "techverito-eks-cluster-eks-cluster-role-20241109113716364900000002",
            "policy_arn": "arn:aws:iam::aws:policy/AmazonEKSClusterPolicy",
            "role": "techverito-eks-cluster-eks-cluster-role"
          },
          "sensitive_attributes": [],
          "private": "bnVsbA==",
          "dependencies": [
            "aws_iam_role.eks_cluster_role"
          ]
        }
      ]
    },
    {
      "mode": "managed",
      "type": "aws_iam_role_policy_attachment",
      "name": "eks_worker_node_policy",
      "provider": "provider[\"registry.terraform.io/hashicorp/aws\"]",
      "instances": [
        {
          "schema_version": 0,
          "attributes": {
            "id": "techverito-eks-cluster-eks-node-role-20241109113716360100000001",
            "policy_arn": "arn:aws:iam::aws:policy/AmazonEKSWorkerNodePolicy",
            "role": "techverito-eks-cluster-eks-node-role"
          },
          "sensitive_attributes": [],
          "private": "bnVsbA==",
          "dependencies": [
            "aws_iam_role.eks_node_role"
          ]
        }
      ]
    }
  ],
  "check_results": null
}
